
Microsoft Visual Studio Solution File, Format Version 12.00
# Visual Studio Version 16
VisualStudioVersion = 16.0.30907.101
MinimumVisualStudioVersion = 10.0.40219.1
Project("{FAE04EC0-301F-11D3-BF4B-00C04F79EFBC}") = "ASCII_Animator", "ASCII_Animator\ASCII_Animator.csproj", "{B12A95D9-D41B-4176-85D4-5836D55B224B}"
EndProject
Global
	GlobalSection(SolutionConfigurationPlatforms) = preSolution
		Debug|Any CPU = Debug|Any CPU
		Release|Any CPU = Release|Any CPU
	EndGlobalSection
	GlobalSection(ProjectConfigurationPlatforms) = postSolution
		{B12A95D9-D41B-4176-85D4-5836D55B224B}.Debug|Any CPU.ActiveCfg = Debug|Any CPU
		{B12A95D9-D41B-4176-85D4-5836D55B224B}.Debug|Any CPU.Build.0 = Debug|Any CPU
		{B12A95D9-D41B-4176-85D4-5836D55B224B}.Release|Any CPU.ActiveCfg = Release|Any CPU
		{B12A95D9-D41B-4176-85D4-5836D55B224B}.Release|Any CPU.Build.0 = Release|Any CPU
	EndGlobalSection
	GlobalSection(SolutionProperties) = preSolution
		HideSolutionNode = FALSE
	EndGlobalSection
	GlobalSection(ExtensibilityGlobals) = postSolution
		SolutionGuid = {E0944A31-3741-4C3A-BC82-FEE13C470D4A}
	EndGlobalSection
EndGlobal
